{
  "name": "producthunt-daily",
  "version": "1.0.0",
  "lockfileVersion": 1,
  "requires": true,
  "dependencies": {
    "dayjs": {
      "version": "1.9.7",
      "resolved": "https://registry.npmjs.org/dayjs/-/dayjs-1.9.7.tgz",
      "integrity": "sha512-IC877KBdMhBrCfBfJXHQlo0G8keZ0Opy7YIIq5QKtUbCuHMzim8S4PyiVK4YmihI3iOF9lhfUBW4AQWHTR5WHA=="
    },
    "feed": {
      "version": "4.2.1",
      "resolved": "https://registry.npmjs.org/feed/-/feed-4.2.1.tgz",
      "integrity": "sha512-l28KKcK1J/u3iq5dRDmmoB2p7dtBfACC2NqJh4dI2kFptxH0asfjmOfcxqh5Sv8suAlVa73gZJ4REY5RrafVvg==",
      "requires": {
        "xml-js": "^1.6.11"
      }
    },
    "sax": {
      "version": "1.2.4",
      "resolved": "https://registry.npmjs.org/sax/-/sax-1.2.4.tgz",
      "integrity": "sha512-NqVDv9TpANUjFm0N8uM5GxL36UgKi9/atZw+x7YFnQ8ckwFGKrl4xX4yWtrey3UJm5nP1kUbnYgLopqWNSRhWw=="
    },
    "xml-js": {
      "version": "1.6.11",
      "resolved": "https://registry.npmjs.org/xml-js/-/xml-js-1.6.11.tgz",
      "integrity": "sha512-7rVi2KMfwfWFl+GpPg6m80IVMWXLRjO+PxTq7V2CDhoGak0wzYzFgUY2m4XJ47OGdXd8eLE8EmwfAmdjw7lC1g==",
      "requires": {
        "sax": "^1.2.4"
      }
    }
  }
}
